// !$*UTF8*$!
{
	archiveVersion = 1;
	classes = {
	};
	objectVersion = 46;
	objects = {

/* Begin PBXBuildFile section */
		CF84F618BA429AC69CA91A56 /* Pods_Changer.framework in Frameworks */ = {isa = PBXBuildFile; fileRef = D78895B46B143A224CA69EEC /* Pods_Changer.framework */; };
		EA52E4DF1D6BBAC7005A4C8D /* SignUpViewController.swift in Sources */ = {isa = PBXBuildFile; fileRef = EA52E4DE1D6BBAC7005A4C8D /* SignUpViewController.swift */; };
		EA52E4E21D6BC209005A4C8D /* SettingsViewController.swift in Sources */ = {isa = PBXBuildFile; fileRef = EA52E4E11D6BC209005A4C8D /* SettingsViewController.swift */; };
		EA52E4E41D6BC397005A4C8D /* TabBarViewController.swift in Sources */ = {isa = PBXBuildFile; fileRef = EA52E4E31D6BC397005A4C8D /* TabBarViewController.swift */; };
		EA7D65A61D6AA45C0041E233 /* AppDelegate.swift in Sources */ = {isa = PBXBuildFile; fileRef = EA7D65A51D6AA45C0041E233 /* AppDelegate.swift */; };
		EA7D65AB1D6AA45C0041E233 /* Main.storyboard in Resources */ = {isa = PBXBuildFile; fileRef = EA7D65A91D6AA45C0041E233 /* Main.storyboard */; };
		EA7D65AD1D6AA45C0041E233 /* Assets.xcassets in Resources */ = {isa = PBXBuildFile; fileRef = EA7D65AC1D6AA45C0041E233 /* Assets.xcassets */; };
		EA7D65B01D6AA45C0041E233 /* LaunchScreen.storyboard in Resources */ = {isa = PBXBuildFile; fileRef = EA7D65AE1D6AA45C0041E233 /* LaunchScreen.storyboard */; };
		EA7D65B81D6AA4A60041E233 /* LogInViewController.swift in Sources */ = {isa = PBXBuildFile; fileRef = EA7D65B71D6AA4A60041E233 /* LogInViewController.swift */; };
		EA7D65BA1D6AA7300041E233 /* GoogleService-Info.plist in Resources */ = {isa = PBXBuildFile; fileRef = EA7D65B91D6AA7300041E233 /* GoogleService-Info.plist */; };
/* End PBXBuildFile section */

/* Begin PBXFileReference section */
		793EEEC3672BE376C9F157AC /* Pods-Changer.release.xcconfig */ = {isa = PBXFileReference; includeInIndex = 1; lastKnownFileType = text.xcconfig; name = "Pods-Changer.release.xcconfig"; path = "Pods/Target Support Files/Pods-Changer/Pods-Changer.release.xcconfig"; sourceTree = "<group>"; };
		C7522CF3FC3669D0065939D0 /* Pods-Changer.debug.xcconfig */ = {isa = PBXFileReference; includeInIndex = 1; lastKnownFileType = text.xcconfig; name = "Pods-Changer.debug.xcconfig"; path = "Pods/Target Support Files/Pods-Changer/Pods-Changer.debug.xcconfig"; sourceTree = "<group>"; };
		D78895B46B143A224CA69EEC /* Pods_Changer.framework */ = {isa = PBXFileReference; explicitFileType = wrapper.framework; includeInIndex = 0; path = Pods_Changer.framework; sourceTree = BUILT_PRODUCTS_DIR; };
		EA52E4DE1D6BBAC7005A4C8D /* SignUpViewController.swift */ = {isa = PBXFileReference; fileEncoding = 4; lastKnownFileType = sourcecode.swift; path = SignUpViewController.swift; sourceTree = "<group>"; };
		EA52E4E11D6BC209005A4C8D /* SettingsViewController.swift */ = {isa = PBXFileReference; fileEncoding = 4; lastKnownFileType = sourcecode.swift; path = SettingsViewController.swift; sourceTree = "<group>"; };
		EA52E4E31D6BC397005A4C8D /* TabBarViewController.swift */ = {isa = PBXFileReference; fileEncoding = 4; lastKnownFileType = sourcecode.swift; path = TabBarViewController.swift; sourceTree = "<group>"; };
		EA7D65A21D6AA45C0041E233 /* Changer.app */ = {isa = PBXFileReference; explicitFileType = wrapper.application; includeInIndex = 0; path = Changer.app; sourceTree = BUILT_PRODUCTS_DIR; };
		EA7D65A51D6AA45C0041E233 /* AppDelegate.swift */ = {isa = PBXFileReference; lastKnownFileType = sourcecode.swift; path = AppDelegate.swift; sourceTree = "<group>"; };
		EA7D65AA1D6AA45C0041E233 /* Base */ = {isa = PBXFileReference; lastKnownFileType = file.storyboard; name = Base; path = Base.lproj/Main.storyboard; sourceTree = "<group>"; };
		EA7D65AC1D6AA45C0041E233 /* Assets.xcassets */ = {isa = PBXFileReference; lastKnownFileType = folder.assetcatalog; path = Assets.xcassets; sourceTree = "<group>"; };
		EA7D65AF1D6AA45C0041E233 /* Base */ = {isa = PBXFileReference; lastKnownFileType = file.storyboard; name = Base; path = Base.lproj/LaunchScreen.storyboard; sourceTree = "<group>"; };
		EA7D65B11D6AA45C0041E233 /* Info.plist */ = {isa = PBXFileReference; lastKnownFileType = text.plist.xml; path = Info.plist; sourceTree = "<group>"; };
		EA7D65B71D6AA4A60041E233 /* LogInViewController.swift */ = {isa = PBXFileReference; fileEncoding = 4; lastKnownFileType = sourcecode.swift; path = LogInViewController.swift; sourceTree = "<group>"; };
		EA7D65B91D6AA7300041E233 /* GoogleService-Info.plist */ = {isa = PBXFileReference; fileEncoding = 4; lastKnownFileType = text.plist.xml; path = "GoogleService-Info.plist"; sourceTree = "<group>"; };
/* End PBXFileReference section */

/* Begin PBXFrameworksBuildPhase section */
		EA7D659F1D6AA45C0041E233 /* Frameworks */ = {
			isa = PBXFrameworksBuildPhase;
			buildActionMask = 2147483647;
			files = (
				CF84F618BA429AC69CA91A56 /* Pods_Changer.framework in Frameworks */,
			);
			runOnlyForDeploymentPostprocessing = 0;
		};
/* End PBXFrameworksBuildPhase section */

/* Begin PBXGroup section */
		C634AEE4EB41C9722204D096 /* Pods */ = {
			isa = PBXGroup;
			children = (
				C7522CF3FC3669D0065939D0 /* Pods-Changer.debug.xcconfig */,
				793EEEC3672BE376C9F157AC /* Pods-Changer.release.xcconfig */,
			);
			name = Pods;
			sourceTree = "<group>";
		};
		EA52E4E01D6BBACE005A4C8D /* LogIn & Sign Up */ = {
			isa = PBXGroup;
			children = (
				EA7D65B71D6AA4A60041E233 /* LogInViewController.swift */,
				EA52E4DE1D6BBAC7005A4C8D /* SignUpViewController.swift */,
			);
			name = "LogIn & Sign Up";
			sourceTree = "<group>";
		};
		EA52E4E51D6BC472005A4C8D /* Index */ = {
			isa = PBXGroup;
			children = (
				EA52E4E31D6BC397005A4C8D /* TabBarViewController.swift */,
				EA52E4E11D6BC209005A4C8D /* SettingsViewController.swift */,
			);
			name = Index;
			sourceTree = "<group>";
		};
		EA7D65991D6AA45C0041E233 = {
			isa = PBXGroup;
			children = (
				EA7D65A41D6AA45C0041E233 /* Changer */,
				EA7D65A31D6AA45C0041E233 /* Products */,
				C634AEE4EB41C9722204D096 /* Pods */,
				ED4804FE1CADB881683421FF /* Frameworks */,
			);
			sourceTree = "<group>";
		};
		EA7D65A31D6AA45C0041E233 /* Products */ = {
			isa = PBXGroup;
			children = (
				EA7D65A21D6AA45C0041E233 /* Changer.app */,
			);
			name = Products;
			sourceTree = "<group>";
		};
		EA7D65A41D6AA45C0041E233 /* Changer */ = {
			isa = PBXGroup;
			children = (
				EA7D65A51D6AA45C0041E233 /* AppDelegate.swift */,
				EA52E4E51D6BC472005A4C8D /* Index */,
				EA52E4E01D6BBACE005A4C8D /* LogIn & Sign Up */,
				EA7D65A91D6AA45C0041E233 /* Main.storyboard */,
				EA7D65AC1D6AA45C0041E233 /* Assets.xcassets */,
				EA7D65AE1D6AA45C0041E233 /* LaunchScreen.storyboard */,
				EA7D65B11D6AA45C0041E233 /* Info.plist */,
				EA7D65B91D6AA7300041E233 /* GoogleService-Info.plist */,
			);
			path = Changer;
			sourceTree = "<group>";
		};
		ED4804FE1CADB881683421FF /* Frameworks */ = {
			isa = PBXGroup;
			children = (
				D78895B46B143A224CA69EEC /* Pods_Changer.framework */,
			);
			name = Frameworks;
			sourceTree = "<group>";
		};
/* End PBXGroup section */

/* Begin PBXNativeTarget section */
		EA7D65A11D6AA45C0041E233 /* Changer */ = {
			isa = PBXNativeTarget;
			buildConfigurationList = EA7D65B41D6AA45C0041E233 /* Build configuration list for PBXNativeTarget "Changer" */;
			buildPhases = (
				CDCE1BB8A4EB1A13E3E3D027 /* [CP] Check Pods Manifest.lock */,
				EA7D659E1D6AA45C0041E233 /* Sources */,
				EA7D659F1D6AA45C0041E233 /* Frameworks */,
				EA7D65A01D6AA45C0041E233 /* Resources */,
				8ABDBE3066535531108487EF /* [CP] Embed Pods Frameworks */,
				EA0AFF067987798CE0FC4735 /* [CP] Copy Pods Resources */,
			);
			buildRules = (
			);
			dependencies = (
			);
			name = Changer;
			productName = Changer;
			productReference = EA7D65A21D6AA45C0041E233 /* Changer.app */;
			productType = "com.apple.product-type.application";
		};
/* End PBXNativeTarget section */

/* Begin PBXProject section */
		EA7D659A1D6AA45C0041E233 /* Project object */ = {
			isa = PBXProject;
			attributes = {
				LastSwiftUpdateCheck = 0730;
				LastUpgradeCheck = 0730;
				ORGANIZATIONNAME = Gonzalo;
				TargetAttributes = {
					EA7D65A11D6AA45C0041E233 = {
						CreatedOnToolsVersion = 7.3.1;
					};
				};
			};
			buildConfigurationList = EA7D659D1D6AA45C0041E233 /* Build configuration list for PBXProject "Changer" */;
			compatibilityVersion = "Xcode 3.2";
			developmentRegion = English;
			hasScannedForEncodings = 0;
			knownRegions = (
				en,
				Base,
			);
			mainGroup = EA7D65991D6AA45C0041E233;
			productRefGroup = EA7D65A31D6AA45C0041E233 /* Products */;
			projectDirPath = "";
			projectRoot = "";
			targets = (
				EA7D65A11D6AA45C0041E233 /* Changer */,
			);
		};
/* End PBXProject section */

/* Begin PBXResourcesBuildPhase section */
		EA7D65A01D6AA45C0041E233 /* Resources */ = {
			isa = PBXResourcesBuildPhase;
			buildActionMask = 2147483647;
			files = (
				EA7D65B01D6AA45C0041E233 /* LaunchScreen.storyboard in Resources */,
				EA7D65BA1D6AA7300041E233 /* GoogleService-Info.plist in Resources */,
				EA7D65AD1D6AA45C0041E233 /* Assets.xcassets in Resources */,
				EA7D65AB1D6AA45C0041E233 /* Main.storyboard in Resources */,
			);
			runOnlyForDeploymentPostprocessing = 0;
		};
/* End PBXResourcesBuildPhase section */

/* Begin PBXShellScriptBuildPhase section */
		8ABDBE3066535531108487EF /* [CP] Embed Pods Frameworks */ = {
			isa = PBXShellScriptBuildPhase;
			buildActionMask = 2147483647;
			files = (
			);
			inputPaths = (
			);
			name = "[CP] Embed Pods Frameworks";
			outputPaths = (
			);
			runOnlyForDeploymentPostprocessing = 0;
			shellPath = /bin/sh;
			shellScript = "\"${SRCROOT}/Pods/Target Support Files/Pods-Changer/Pods-Changer-frameworks.sh\"\n";
			showEnvVarsInLog = 0;
		};
		CDCE1BB8A4EB1A13E3E3D027 /* [CP] Check Pods Manifest.lock */ = {
			isa = PBXShellScriptBuildPhase;
			buildActionMask = 2147483647;
			files = (
			);
			inputPaths = (
			);
			name = "[CP] Check Pods Manifest.lock";
			outputPaths = (
			);
			runOnlyForDeploymentPostprocessing = 0;
			shellPath = /bin/sh;
			shellScript = "diff \"${PODS_ROOT}/../Podfile.lock\" \"${PODS_ROOT}/Manifest.lock\" > /dev/null\nif [[ $? != 0 ]] ; then\n    cat << EOM\nerror: The sandbox is not in sync with the Podfile.lock. Run 'pod install' or update your CocoaPods installation.\nEOM\n    exit 1\nfi\n";
			showEnvVarsInLog = 0;
		};
		EA0AFF067987798CE0FC4735 /* [CP] Copy Pods Resources */ = {
			isa = PBXShellScriptBuildPhase;
			buildActionMask = 2147483647;
			files = (
			);
			inputPaths = (
			);
			name = "[CP] Copy Pods Resources";
			outputPaths = (
			);
			runOnlyForDeploymentPostprocessing = 0;
			shellPath = /bin/sh;
			shellScript = "\"${SRCROOT}/Pods/Target Support Files/Pods-Changer/Pods-Changer-resources.sh\"\n";
			showEnvVarsInLog = 0;
		};
/* End PBXShellScriptBuildPhase section */

/* Begin PBXSourcesBuildPhase section */
		EA7D659E1D6AA45C0041E233 /* Sources */ = {
			isa = PBXSourcesBuildPhase;
			buildActionMask = 2147483647;
			files = (
				EA7D65A61D6AA45C0041E233 /* AppDelegate.swift in Sources */,
				EA52E4DF1D6BBAC7005A4C8D /* SignUpViewController.swift in Sources */,
				EA7D65B81D6AA4A60041E233 /* LogInViewController.swift in Sources */,
				EA52E4E41D6BC397005A4C8D /* TabBarViewController.swift in Sources */,
				EA52E4E21D6BC209005A4C8D /* SettingsViewController.swift in Sources */,
			);
			runOnlyForDeploymentPostprocessing = 0;
		};
/* End PBXSourcesBuildPhase section */

/* Begin PBXVariantGroup section */
		EA7D65A91D6AA45C0041E233 /* Main.storyboard */ = {
			isa = PBXVariantGroup;
			children = (
				EA7D65AA1D6AA45C0041E233 /* Base */,
			);
			name = Main.storyboard;
			sourceTree = "<group>";
		};
		EA7D65AE1D6AA45C0041E233 /* LaunchScreen.storyboard */ = {
			isa = PBXVariantGroup;
			children = (
				EA7D65AF1D6AA45C0041E233 /* Base */,
			);
			name = LaunchScreen.storyboard;
			sourceTree = "<group>";
		};
/* End PBXVariantGroup section */

/* Begin XCBuildConfiguration section */
		EA7D65B21D6AA45C0041E233 /* Debug */ = {
			isa = XCBuildConfiguration;
			buildSettings = {
				ALWAYS_SEARCH_USER_PATHS = NO;
				CLANG_ANALYZER_NONNULL = YES;
				CLANG_CXX_LANGUAGE_STANDARD = "gnu++0x";
				CLANG_CXX_LIBRARY = "libc++";
				CLANG_ENABLE_MODULES = YES;
				CLANG_ENABLE_OBJC_ARC = YES;
				CLANG_WARN_BOOL_CONVERSION = YES;
				CLANG_WARN_CONSTANT_CONVERSION = YES;
				CLANG_WARN_DIRECT_OBJC_ISA_USAGE = YES_ERROR;
				CLANG_WARN_EMPTY_BODY = YES;
				CLANG_WARN_ENUM_CONVERSION = YES;
				CLANG_WARN_INT_CONVERSION = YES;
				CLANG_WARN_OBJC_ROOT_CLASS = YES_ERROR;
				CLANG_WARN_UNREACHABLE_CODE = YES;
				CLANG_WARN__DUPLICATE_METHOD_MATCH = YES;
				"CODE_SIGN_IDENTITY[sdk=iphoneos*]" = "iPhone Developer";
				COPY_PHASE_STRIP = NO;
				DEBUG_INFORMATION_FORMAT = dwarf;
				ENABLE_STRICT_OBJC_MSGSEND = YES;
				ENABLE_TESTABILITY = YES;
				GCC_C_LANGUAGE_STANDARD = gnu99;
				GCC_DYNAMIC_NO_PIC = NO;
				GCC_NO_COMMON_BLOCKS = YES;
				GCC_OPTIMIZATION_LEVEL = 0;
				GCC_PREPROCESSOR_DEFINITIONS = (
					"DEBUG=1",
					"$(inherited)",
				);
				GCC_WARN_64_TO_32_BIT_CONVERSION = YES;
				GCC_WARN_ABOUT_RETURN_TYPE = YES_ERROR;
				GCC_WARN_UNDECLARED_SELECTOR = YES;
				GCC_WARN_UNINITIALIZED_AUTOS = YES_AGGRESSIVE;
				GCC_WARN_UNUSED_FUNCTION = YES;
				GCC_WARN_UNUSED_VARIABLE = YES;
				IPHONEOS_DEPLOYMENT_TARGET = 9.3;
				MTL_ENABLE_DEBUG_INFO = YES;
				ONLY_ACTIVE_ARCH = YES;
				SDKROOT = iphoneos;
				SWIFT_OPTIMIZATION_LEVEL = "-Onone";
			};
			name = Debug;
		};
		EA7D65B31D6AA45C0041E233 /* Release */ = {
			isa = XCBuildConfiguration;
			buildSettings = {
				ALWAYS_SEARCH_USER_PATHS = NO;
				CLANG_ANALYZER_NONNULL = YES;
				CLANG_CXX_LANGUAGE_STANDARD = "gnu++0x";
				CLANG_CXX_LIBRARY = "libc++";
				CLANG_ENABLE_MODULES = YES;
				CLANG_ENABLE_OBJC_ARC = YES;
				CLANG_WARN_BOOL_CONVERSION = YES;
				CLANG_WARN_CONSTANT_CONVERSION = YES;
				CLANG_WARN_DIRECT_OBJC_ISA_USAGE = YES_ERROR;
				CLANG_WARN_EMPTY_BODY = YES;
				CLANG_WARN_ENUM_CONVERSION = YES;
				CLANG_WARN_INT_CONVERSION = YES;
				CLANG_WARN_OBJC_ROOT_CLASS = YES_ERROR;
				CLANG_WARN_UNREACHABLE_CODE = YES;
				CLANG_WARN__DUPLICATE_METHOD_MATCH = YES;
				"CODE_SIGN_IDENTITY[sdk=iphoneos*]" = "iPhone Developer";
				COPY_PHASE_STRIP = NO;
				DEBUG_INFORMATION_FORMAT = "dwarf-with-dsym";
				ENABLE_NS_ASSERTIONS = NO;
				ENABLE_STRICT_OBJC_MSGSEND = YES;
				GCC_C_LANGUAGE_STANDARD = gnu99;
				GCC_NO_COMMON_BLOCKS = YES;
				GCC_WARN_64_TO_32_BIT_CONVERSION = YES;
				GCC_WARN_ABOUT_RETURN_TYPE = YES_ERROR;
				GCC_WARN_UNDECLARED_SELECTOR = YES;
				GCC_WARN_UNINITIALIZED_AUTOS = YES_AGGRESSIVE;
				GCC_WARN_UNUSED_FUNCTION = YES;
				GCC_WARN_UNUSED_VARIABLE = YES;
				IPHONEOS_DEPLOYMENT_TARGET = 9.3;
				MTL_ENABLE_DEBUG_INFO = NO;
				SDKROOT = iphoneos;
				VALIDATE_PRODUCT = YES;
			};
			name = Release;
		};
		EA7D65B51D6AA45C0041E233 /* Debug */ = {
			isa = XCBuildConfiguration;
			baseConfigurationReference = C7522CF3FC3669D0065939D0 /* Pods-Changer.debug.xcconfig */;
			buildSettings = {
				ASSETCATALOG_COMPILER_APPICON_NAME = AppIcon;
				INFOPLIST_FILE = Changer/Info.plist;
				LD_RUNPATH_SEARCH_PATHS = "$(inherited) @executable_path/Frameworks";
				PRODUCT_BUNDLE_IDENTIFIER = com.gonzalo.Changer;
				PRODUCT_NAME = "$(TARGET_NAME)";
			};
			name = Debug;
		};
		EA7D65B61D6AA45C0041E233 /* Release */ = {
			isa = XCBuildConfiguration;
			baseConfigurationReference = 793EEEC3672BE376C9F157AC /* Pods-Changer.release.xcconfig */;
			buildSettings = {
				ASSETCATALOG_COMPILER_APPICON_NAME = AppIcon;
				INFOPLIST_FILE = Changer/Info.plist;
				LD_RUNPATH_SEARCH_PATHS = "$(inherited) @executable_path/Frameworks";
				PRODUCT_BUNDLE_IDENTIFIER = com.gonzalo.Changer;
				PRODUCT_NAME = "$(TARGET_NAME)";
			};
			name = Release;
		};
/* End XCBuildConfiguration section */

/* Begin XCConfigurationList section */
		EA7D659D1D6AA45C0041E233 /* Build configuration list for PBXProject "Changer" */ = {
			isa = XCConfigurationList;
			buildConfigurations = (
				EA7D65B21D6AA45C0041E233 /* Debug */,
				EA7D65B31D6AA45C0041E233 /* Release */,
			);
			defaultConfigurationIsVisible = 0;
			defaultConfigurationName = Release;
		};
		EA7D65B41D6AA45C0041E233 /* Build configuration list for PBXNativeTarget "Changer" */ = {
			isa = XCConfigurationList;
			buildConfigurations = (
				EA7D65B51D6AA45C0041E233 /* Debug */,
				EA7D65B61D6AA45C0041E233 /* Release */,
			);
			defaultConfigurationIsVisible = 0;
			defaultConfigurationName = Release;
		};
/* End XCConfigurationList section */
	};
	rootObject = EA7D659A1D6AA45C0041E233 /* Project object */;
}
